{
    "name": "root",
    "requires": true,
    "lockfileVersion": 1,
    "dependencies": {
        "python": {
            "version": "0.0.4",
            "resolved": "https://registry.npmjs.org/python/-/python-0.0.4.tgz",
            "integrity": "sha1-MJTomO8Xozqpw+lzs4SKOOR9GBg="
        },
        "yarn": {
            "version": "1.22.17",
            "resolved": "https://registry.npmjs.org/yarn/-/yarn-1.22.17.tgz",
            "integrity": "sha512-H0p241BXaH0UN9IeH//RT82tl5PfNraVpSpEoW+ET7lmopNC61eZ+A+IDvU8FM6Go5vx162SncDL8J1ZjRBriQ=="
        }
    }
}
